{
  "requires": true,
  "lockfileVersion": 1,
  "dependencies": {
    "blueimp-gallery": {
      "version": "2.30.0",
      "resolved": "https://registry.npmjs.org/blueimp-gallery/-/blueimp-gallery-2.30.0.tgz",
      "integrity": "sha512-dIv38QiFHhpaBqr7ecOBpsy2PgeNcHU9Kjy+P7rE1EcSFAaWpeoMbFCUe3VKgSDSaZaIO/dlfmpc0E0/VAvHPg=="
    },
    "bootstrap": {
      "version": "4.0.0",
      "resolved": "https://registry.npmjs.org/bootstrap/-/bootstrap-4.0.0.tgz",
      "integrity": "sha512-gulJE5dGFo6Q61V/whS6VM4WIyrlydXfCgkE+Gxe5hjrJ8rXLLZlALq7zq2RPhOc45PSwQpJkrTnc2KgD6cvmA=="
    },
    "vue-gallery": {
      "version": "1.3.0",
      "resolved": "https://registry.npmjs.org/vue-gallery/-/vue-gallery-1.3.0.tgz",
      "integrity": "sha1-RKIsVMNM7QeLZ71E+rRIP6Hqpvw=",
      "requires": {
        "blueimp-gallery": "2.30.0"
      }
    }
  }
}
